
Microsoft Visual Studio Solution File, Format Version 12.00
# Visual Studio Version 16
VisualStudioVersion = 16.0.30711.63
MinimumVisualStudioVersion = 10.0.40219.1
Project("{9A19103F-16F7-4668-BE54-9A1E7A4F7556}") = "TheRockPaperScissors.Server", "TheRockPaperScissors.Server\TheRockPaperScissors.Server.csproj", "{27376706-94FE-4BCD-82D3-51B80D8026BB}"
EndProject
Project("{FAE04EC0-301F-11D3-BF4B-00C04F79EFBC}") = "TheRockPaperScissors.Client", "TheRockPaperScissors.Client\TheRockPaperScissors.Client.csproj", "{1FE67BDD-002E-4D85-B00D-1BEA3F3E4A7B}"
EndProject
Global
	GlobalSection(SolutionConfigurationPlatforms) = preSolution
		Debug|Any CPU = Debug|Any CPU
		Release|Any CPU = Release|Any CPU
	EndGlobalSection
	GlobalSection(ProjectConfigurationPlatforms) = postSolution
		{27376706-94FE-4BCD-82D3-51B80D8026BB}.Debug|Any CPU.ActiveCfg = Debug|Any CPU
		{27376706-94FE-4BCD-82D3-51B80D8026BB}.Debug|Any CPU.Build.0 = Debug|Any CPU
		{27376706-94FE-4BCD-82D3-51B80D8026BB}.Release|Any CPU.ActiveCfg = Release|Any CPU
		{27376706-94FE-4BCD-82D3-51B80D8026BB}.Release|Any CPU.Build.0 = Release|Any CPU
		{1FE67BDD-002E-4D85-B00D-1BEA3F3E4A7B}.Debug|Any CPU.ActiveCfg = Debug|Any CPU
		{1FE67BDD-002E-4D85-B00D-1BEA3F3E4A7B}.Debug|Any CPU.Build.0 = Debug|Any CPU
		{1FE67BDD-002E-4D85-B00D-1BEA3F3E4A7B}.Release|Any CPU.ActiveCfg = Release|Any CPU
		{1FE67BDD-002E-4D85-B00D-1BEA3F3E4A7B}.Release|Any CPU.Build.0 = Release|Any CPU
	EndGlobalSection
	GlobalSection(SolutionProperties) = preSolution
		HideSolutionNode = FALSE
	EndGlobalSection
	GlobalSection(ExtensibilityGlobals) = postSolution
		SolutionGuid = {C306E2F0-B6DD-4038-B29D-710D98BD8EB6}
	EndGlobalSection
EndGlobal
